
Microsoft Visual Studio Solution File, Format Version 12.00
# Visual Studio Version 17
VisualStudioVersion = 17.10.35013.160
MinimumVisualStudioVersion = 10.0.40219.1
Project("{FAE04EC0-301F-11D3-BF4B-00C04F79EFBC}") = "SocialMediaLinks", "SocialMediaLinks.csproj", "{B434EE45-560D-4B06-9013-69CB7FDCF5A0}"
EndProject
Global
	GlobalSection(SolutionConfigurationPlatforms) = preSolution
		Debug|Any CPU = Debug|Any CPU
		Release|Any CPU = Release|Any CPU
	EndGlobalSection
	GlobalSection(ProjectConfigurationPlatforms) = postSolution
		{B434EE45-560D-4B06-9013-69CB7FDCF5A0}.Debug|Any CPU.ActiveCfg = Debug|Any CPU
		{B434EE45-560D-4B06-9013-69CB7FDCF5A0}.Debug|Any CPU.Build.0 = Debug|Any CPU
		{B434EE45-560D-4B06-9013-69CB7FDCF5A0}.Release|Any CPU.ActiveCfg = Release|Any CPU
		{B434EE45-560D-4B06-9013-69CB7FDCF5A0}.Release|Any CPU.Build.0 = Release|Any CPU
	EndGlobalSection
	GlobalSection(SolutionProperties) = preSolution
		HideSolutionNode = FALSE
	EndGlobalSection
	GlobalSection(ExtensibilityGlobals) = postSolution
		SolutionGuid = {87C17A82-FD6C-4B19-B78A-6FF655DDDE21}
	EndGlobalSection
EndGlobal
